
Microsoft Visual Studio Solution File, Format Version 12.00
# Visual Studio Version 16
VisualStudioVersion = 16.0.31205.134
MinimumVisualStudioVersion = 10.0.40219.1
Project("{FAE04EC0-301F-11D3-BF4B-00C04F79EFBC}") = "pruebaEssentials", "pruebaEssentials.csproj", "{DE80ED3F-1756-4961-B6A8-A51BC6C0EF88}"
EndProject
Project("{FAE04EC0-301F-11D3-BF4B-00C04F79EFBC}") = "wpfpruebeaessentials", "..\wpfpruebeaessentials\wpfpruebeaessentials.csproj", "{DF78FCA0-488A-441B-8D47-35FAFA2B941B}"
EndProject
Global
	GlobalSection(SolutionConfigurationPlatforms) = preSolution
		Debug|Any CPU = Debug|Any CPU
		Debug|x64 = Debug|x64
		Release|Any CPU = Release|Any CPU
		Release|x64 = Release|x64
	EndGlobalSection
	GlobalSection(ProjectConfigurationPlatforms) = postSolution
		{DE80ED3F-1756-4961-B6A8-A51BC6C0EF88}.Debug|Any CPU.ActiveCfg = Debug|x64
		{DE80ED3F-1756-4961-B6A8-A51BC6C0EF88}.Debug|x64.ActiveCfg = Debug|x64
		{DE80ED3F-1756-4961-B6A8-A51BC6C0EF88}.Debug|x64.Build.0 = Debug|x64
		{DE80ED3F-1756-4961-B6A8-A51BC6C0EF88}.Release|Any CPU.ActiveCfg = Release|x64
		{DE80ED3F-1756-4961-B6A8-A51BC6C0EF88}.Release|x64.ActiveCfg = Release|x64
		{DE80ED3F-1756-4961-B6A8-A51BC6C0EF88}.Release|x64.Build.0 = Release|x64
		{DF78FCA0-488A-441B-8D47-35FAFA2B941B}.Debug|Any CPU.ActiveCfg = Debug|Any CPU
		{DF78FCA0-488A-441B-8D47-35FAFA2B941B}.Debug|Any CPU.Build.0 = Debug|Any CPU
		{DF78FCA0-488A-441B-8D47-35FAFA2B941B}.Debug|x64.ActiveCfg = Debug|Any CPU
		{DF78FCA0-488A-441B-8D47-35FAFA2B941B}.Debug|x64.Build.0 = Debug|Any CPU
		{DF78FCA0-488A-441B-8D47-35FAFA2B941B}.Release|Any CPU.ActiveCfg = Release|Any CPU
		{DF78FCA0-488A-441B-8D47-35FAFA2B941B}.Release|Any CPU.Build.0 = Release|Any CPU
		{DF78FCA0-488A-441B-8D47-35FAFA2B941B}.Release|x64.ActiveCfg = Release|Any CPU
		{DF78FCA0-488A-441B-8D47-35FAFA2B941B}.Release|x64.Build.0 = Release|Any CPU
	EndGlobalSection
	GlobalSection(SolutionProperties) = preSolution
		HideSolutionNode = FALSE
	EndGlobalSection
	GlobalSection(ExtensibilityGlobals) = postSolution
		SolutionGuid = {9B0149D0-4DDA-4B35-8D97-4A683A53F283}
	EndGlobalSection
EndGlobal
